
Microsoft Visual Studio Solution File, Format Version 12.00
# Visual Studio 15
VisualStudioVersion = 15.0.27130.2010
MinimumVisualStudioVersion = 10.0.40219.1
Project("{FAE04EC0-301F-11D3-BF4B-00C04F79EFBC}") = "LetterLoops", "LetterLoops\LetterLoops.csproj", "{A2D63AEA-9E3A-444E-93D0-F8422951A477}"
EndProject
Global
	GlobalSection(SolutionConfigurationPlatforms) = preSolution
		Debug|Any CPU = Debug|Any CPU
		Release|Any CPU = Release|Any CPU
	EndGlobalSection
	GlobalSection(ProjectConfigurationPlatforms) = postSolution
		{A2D63AEA-9E3A-444E-93D0-F8422951A477}.Debug|Any CPU.ActiveCfg = Debug|Any CPU
		{A2D63AEA-9E3A-444E-93D0-F8422951A477}.Debug|Any CPU.Build.0 = Debug|Any CPU
		{A2D63AEA-9E3A-444E-93D0-F8422951A477}.Release|Any CPU.ActiveCfg = Release|Any CPU
		{A2D63AEA-9E3A-444E-93D0-F8422951A477}.Release|Any CPU.Build.0 = Release|Any CPU
	EndGlobalSection
	GlobalSection(SolutionProperties) = preSolution
		HideSolutionNode = FALSE
	EndGlobalSection
	GlobalSection(ExtensibilityGlobals) = postSolution
		SolutionGuid = {F1CCFA33-6258-4EA7-BDC6-B33E5C28B2BD}
	EndGlobalSection
EndGlobal
